
Microsoft Visual Studio Solution File, Format Version 12.00
# Visual Studio Version 17
VisualStudioVersion = 17.5.002.0
MinimumVisualStudioVersion = 10.0.40219.1
Project("{9A19103F-16F7-4668-BE54-9A1E7A4F7556}") = "AxiomSink", "AxiomSink.csproj", "{BED9DBCB-6BF9-4ED5-947C-60D85BDB116E}"
EndProject
Global
	GlobalSection(SolutionConfigurationPlatforms) = preSolution
		Debug|Any CPU = Debug|Any CPU
		Release|Any CPU = Release|Any CPU
	EndGlobalSection
	GlobalSection(ProjectConfigurationPlatforms) = postSolution
		{BED9DBCB-6BF9-4ED5-947C-60D85BDB116E}.Debug|Any CPU.ActiveCfg = Debug|Any CPU
		{BED9DBCB-6BF9-4ED5-947C-60D85BDB116E}.Debug|Any CPU.Build.0 = Debug|Any CPU
		{BED9DBCB-6BF9-4ED5-947C-60D85BDB116E}.Release|Any CPU.ActiveCfg = Release|Any CPU
		{BED9DBCB-6BF9-4ED5-947C-60D85BDB116E}.Release|Any CPU.Build.0 = Release|Any CPU
	EndGlobalSection
	GlobalSection(SolutionProperties) = preSolution
		HideSolutionNode = FALSE
	EndGlobalSection
	GlobalSection(ExtensibilityGlobals) = postSolution
		SolutionGuid = {6F0BEB06-5F86-4B9D-846C-F47E3274947D}
	EndGlobalSection
EndGlobal
